{
  "name": "js-2-hw-03-ajs_use",
  "version": "1.0.0",
  "lockfileVersion": 3,
  "requires": true,
  "packages": {
    "": {
      "name": "js-2-hw-03-ajs_use",
      "version": "1.0.0",
      "license": "ISC",
      "dependencies": {
        "@lagutanv2/ajs": "^1.0.0"
      }
    },
    "node_modules/@lagutanv2/ajs": {
      "version": "1.0.0",
      "resolved": "https://npm.pkg.github.com/download/@lagutanv2/ajs/1.0.0/5588df13463220e21a103cf13ce4ca83c44d9201",
      "integrity": "sha512-x0V99rhdSOvaSHRm2xqgWZ4R5CISfjCHV8BwT3PDDOrb8akhArGGWyAvqx752jeDZnG+xWa/HRmAxxq2IJyBng==",
      "license": "ISC"
    }
  }
}
